// !$*UTF8*$!
{
	archiveVersion = 1;
	classes = {
	};
	objectVersion = 46;
	objects = {

/* Begin PBXBuildFile section */
		D88B415D1AAD6C7100867ECC /* main.m in Sources */ = {isa = PBXBuildFile; fileRef = D88B415C1AAD6C7100867ECC /* main.m */; };
		D88B41601AAD6C7100867ECC /* AppDelegate.m in Sources */ = {isa = PBXBuildFile; fileRef = D88B415F1AAD6C7100867ECC /* AppDelegate.m */; };
		D88B41631AAD6C7100867ECC /* ViewController.m in Sources */ = {isa = PBXBuildFile; fileRef = D88B41621AAD6C7100867ECC /* ViewController.m */; };
		D88B41661AAD6C7100867ECC /* Main.storyboard in Resources */ = {isa = PBXBuildFile; fileRef = D88B41641AAD6C7100867ECC /* Main.storyboard */; };
		D88B41681AAD6C7100867ECC /* Images.xcassets in Resources */ = {isa = PBXBuildFile; fileRef = D88B41671AAD6C7100867ECC /* Images.xcassets */; };
		D88B416B1AAD6C7100867ECC /* LaunchScreen.xib in Resources */ = {isa = PBXBuildFile; fileRef = D88B41691AAD6C7100867ECC /* LaunchScreen.xib */; };
		D88B41771AAD6C7100867ECC /* ConstriantsTests.m in Sources */ = {isa = PBXBuildFile; fileRef = D88B41761AAD6C7100867ECC /* ConstriantsTests.m */; };
/* End PBXBuildFile section */

/* Begin PBXContainerItemProxy section */
		D88B41711AAD6C7100867ECC /* PBXContainerItemProxy */ = {
			isa = PBXContainerItemProxy;
			containerPortal = D88B414F1AAD6C7100867ECC /* Project object */;
			proxyType = 1;
			remoteGlobalIDString = D88B41561AAD6C7100867ECC;
			remoteInfo = Constriants;
		};
/* End PBXContainerItemProxy section */

/* Begin PBXFileReference section */
		D88B41571AAD6C7100867ECC /* Constriants.app */ = {isa = PBXFileReference; explicitFileType = wrapper.application; includeInIndex = 0; path = Constriants.app; sourceTree = BUILT_PRODUCTS_DIR; };
		D88B415B1AAD6C7100867ECC /* Info.plist */ = {isa = PBXFileReference; lastKnownFileType = text.plist.xml; path = Info.plist; sourceTree = "<group>"; };
		D88B415C1AAD6C7100867ECC /* main.m */ = {isa = PBXFileReference; lastKnownFileType = sourcecode.c.objc; path = main.m; sourceTree = "<group>"; };
		D88B415E1AAD6C7100867ECC /* AppDelegate.h */ = {isa = PBXFileReference; lastKnownFileType = sourcecode.c.h; path = AppDelegate.h; sourceTree = "<group>"; };
		D88B415F1AAD6C7100867ECC /* AppDelegate.m */ = {isa = PBXFileReference; lastKnownFileType = sourcecode.c.objc; path = AppDelegate.m; sourceTree = "<group>"; };
		D88B41611AAD6C7100867ECC /* ViewController.h */ = {isa = PBXFileReference; lastKnownFileType = sourcecode.c.h; path = ViewController.h; sourceTree = "<group>"; };
		D88B41621AAD6C7100867ECC /* ViewController.m */ = {isa = PBXFileReference; lastKnownFileType = sourcecode.c.objc; path = ViewController.m; sourceTree = "<group>"; };
		D88B41651AAD6C7100867ECC /* Base */ = {isa = PBXFileReference; lastKnownFileType = file.storyboard; name = Base; path = Base.lproj/Main.storyboard; sourceTree = "<group>"; };
		D88B41671AAD6C7100867ECC /* Images.xcassets */ = {isa = PBXFileReference; lastKnownFileType = folder.assetcatalog; path = Images.xcassets; sourceTree = "<group>"; };
		D88B416A1AAD6C7100867ECC /* Base */ = {isa = PBXFileReference; lastKnownFileType = file.xib; name = Base; path = Base.lproj/LaunchScreen.xib; sourceTree = "<group>"; };
		D88B41701AAD6C7100867ECC /* ConstriantsTests.xctest */ = {isa = PBXFileReference; explicitFileType = wrapper.cfbundle; includeInIndex = 0; path = ConstriantsTests.xctest; sourceTree = BUILT_PRODUCTS_DIR; };
		D88B41751AAD6C7100867ECC /* Info.plist */ = {isa = PBXFileReference; lastKnownFileType = text.plist.xml; path = Info.plist; sourceTree = "<group>"; };
		D88B41761AAD6C7100867ECC /* ConstriantsTests.m */ = {isa = PBXFileReference; lastKnownFileType = sourcecode.c.objc; path = ConstriantsTests.m; sourceTree = "<group>"; };
/* End PBXFileReference section */

/* Begin PBXFrameworksBuildPhase section */
		D88B41541AAD6C7100867ECC /* Frameworks */ = {
			isa = PBXFrameworksBuildPhase;
			buildActionMask = 2147483647;
			files = (
			);
			runOnlyForDeploymentPostprocessing = 0;
		};
		D88B416D1AAD6C7100867ECC /* Frameworks */ = {
			isa = PBXFrameworksBuildPhase;
			buildActionMask = 2147483647;
			files = (
			);
			runOnlyForDeploymentPostprocessing = 0;
		};
/* End PBXFrameworksBuildPhase section */

/* Begin PBXGroup section */
		D88B414E1AAD6C7100867ECC = {
			isa = PBXGroup;
			children = (
				D88B41591AAD6C7100867ECC /* Constriants */,
				D88B41731AAD6C7100867ECC /* ConstriantsTests */,
				D88B41581AAD6C7100867ECC /* Products */,
			);
			sourceTree = "<group>";
		};
		D88B41581AAD6C7100867ECC /* Products */ = {
			isa = PBXGroup;
			children = (
				D88B41571AAD6C7100867ECC /* Constriants.app */,
				D88B41701AAD6C7100867ECC /* ConstriantsTests.xctest */,
			);
			name = Products;
			sourceTree = "<group>";
		};
		D88B41591AAD6C7100867ECC /* Constriants */ = {
			isa = PBXGroup;
			children = (
				D88B415E1AAD6C7100867ECC /* AppDelegate.h */,
				D88B415F1AAD6C7100867ECC /* AppDelegate.m */,
				D88B41611AAD6C7100867ECC /* ViewController.h */,
				D88B41621AAD6C7100867ECC /* ViewController.m */,
				D88B41641AAD6C7100867ECC /* Main.storyboard */,
				D88B41671AAD6C7100867ECC /* Images.xcassets */,
				D88B41691AAD6C7100867ECC /* LaunchScreen.xib */,
				D88B415A1AAD6C7100867ECC /* Supporting Files */,
			);
			path = Constriants;
			sourceTree = "<group>";
		};
		D88B415A1AAD6C7100867ECC /* Supporting Files */ = {
			isa = PBXGroup;
			children = (
				D88B415B1AAD6C7100867ECC /* Info.plist */,
				D88B415C1AAD6C7100867ECC /* main.m */,
			);
			name = "Supporting Files";
			sourceTree = "<group>";
		};
		D88B41731AAD6C7100867ECC /* ConstriantsTests */ = {
			isa = PBXGroup;
			children = (
				D88B41761AAD6C7100867ECC /* ConstriantsTests.m */,
				D88B41741AAD6C7100867ECC /* Supporting Files */,
			);
			path = ConstriantsTests;
			sourceTree = "<group>";
		};
		D88B41741AAD6C7100867ECC /* Supporting Files */ = {
			isa = PBXGroup;
			children = (
				D88B41751AAD6C7100867ECC /* Info.plist */,
			);
			name = "Supporting Files";
			sourceTree = "<group>";
		};
/* End PBXGroup section */

/* Begin PBXNativeTarget section */
		D88B41561AAD6C7100867ECC /* Constriants */ = {
			isa = PBXNativeTarget;
			buildConfigurationList = D88B417A1AAD6C7100867ECC /* Build configuration list for PBXNativeTarget "Constriants" */;
			buildPhases = (
				D88B41531AAD6C7100867ECC /* Sources */,
				D88B41541AAD6C7100867ECC /* Frameworks */,
				D88B41551AAD6C7100867ECC /* Resources */,
			);
			buildRules = (
			);
			dependencies = (
			);
			name = Constriants;
			productName = Constriants;
			productReference = D88B41571AAD6C7100867ECC /* Constriants.app */;
			productType = "com.apple.product-type.application";
		};
		D88B416F1AAD6C7100867ECC /* ConstriantsTests */ = {
			isa = PBXNativeTarget;
			buildConfigurationList = D88B417D1AAD6C7100867ECC /* Build configuration list for PBXNativeTarget "ConstriantsTests" */;
			buildPhases = (
				D88B416C1AAD6C7100867ECC /* Sources */,
				D88B416D1AAD6C7100867ECC /* Frameworks */,
				D88B416E1AAD6C7100867ECC /* Resources */,
			);
			buildRules = (
			);
			dependencies = (
				D88B41721AAD6C7100867ECC /* PBXTargetDependency */,
			);
			name = ConstriantsTests;
			productName = ConstriantsTests;
			productReference = D88B41701AAD6C7100867ECC /* ConstriantsTests.xctest */;
			productType = "com.apple.product-type.bundle.unit-test";
		};
/* End PBXNativeTarget section */

/* Begin PBXProject section */
		D88B414F1AAD6C7100867ECC /* Project object */ = {
			isa = PBXProject;
			attributes = {
				LastUpgradeCheck = 0610;
				ORGANIZATIONNAME = roc;
				TargetAttributes = {
					D88B41561AAD6C7100867ECC = {
						CreatedOnToolsVersion = 6.1.1;
					};
					D88B416F1AAD6C7100867ECC = {
						CreatedOnToolsVersion = 6.1.1;
						TestTargetID = D88B41561AAD6C7100867ECC;
					};
				};
			};
			buildConfigurationList = D88B41521AAD6C7100867ECC /* Build configuration list for PBXProject "Constriants" */;
			compatibilityVersion = "Xcode 3.2";
			developmentRegion = English;
			hasScannedForEncodings = 0;
			knownRegions = (
				en,
				Base,
			);
			mainGroup = D88B414E1AAD6C7100867ECC;
			productRefGroup = D88B41581AAD6C7100867ECC /* Products */;
			projectDirPath = "";
			projectRoot = "";
			targets = (
				D88B41561AAD6C7100867ECC /* Constriants */,
				D88B416F1AAD6C7100867ECC /* ConstriantsTests */,
			);
		};
/* End PBXProject section */

/* Begin PBXResourcesBuildPhase section */
		D88B41551AAD6C7100867ECC /* Resources */ = {
			isa = PBXResourcesBuildPhase;
			buildActionMask = 2147483647;
			files = (
				D88B41661AAD6C7100867ECC /* Main.storyboard in Resources */,
				D88B416B1AAD6C7100867ECC /* LaunchScreen.xib in Resources */,
				D88B41681AAD6C7100867ECC /* Images.xcassets in Resources */,
			);
			runOnlyForDeploymentPostprocessing = 0;
		};
		D88B416E1AAD6C7100867ECC /* Resources */ = {
			isa = PBXResourcesBuildPhase;
			buildActionMask = 2147483647;
			files = (
			);
			runOnlyForDeploymentPostprocessing = 0;
		};
/* End PBXResourcesBuildPhase section */

/* Begin PBXSourcesBuildPhase section */
		D88B41531AAD6C7100867ECC /* Sources */ = {
			isa = PBXSourcesBuildPhase;
			buildActionMask = 2147483647;
			files = (
				D88B41631AAD6C7100867ECC /* ViewController.m in Sources */,
				D88B41601AAD6C7100867ECC /* AppDelegate.m in Sources */,
				D88B415D1AAD6C7100867ECC /* main.m in Sources */,
			);
			runOnlyForDeploymentPostprocessing = 0;
		};
		D88B416C1AAD6C7100867ECC /* Sources */ = {
			isa = PBXSourcesBuildPhase;
			buildActionMask = 2147483647;
			files = (
				D88B41771AAD6C7100867ECC /* ConstriantsTests.m in Sources */,
			);
			runOnlyForDeploymentPostprocessing = 0;
		};
/* End PBXSourcesBuildPhase section */

/* Begin PBXTargetDependency section */
		D88B41721AAD6C7100867ECC /* PBXTargetDependency */ = {
			isa = PBXTargetDependency;
			target = D88B41561AAD6C7100867ECC /* Constriants */;
			targetProxy = D88B41711AAD6C7100867ECC /* PBXContainerItemProxy */;
		};
/* End PBXTargetDependency section */

/* Begin PBXVariantGroup section */
		D88B41641AAD6C7100867ECC /* Main.storyboard */ = {
			isa = PBXVariantGroup;
			children = (
				D88B41651AAD6C7100867ECC /* Base */,
			);
			name = Main.storyboard;
			sourceTree = "<group>";
		};
		D88B41691AAD6C7100867ECC /* LaunchScreen.xib */ = {
			isa = PBXVariantGroup;
			children = (
				D88B416A1AAD6C7100867ECC /* Base */,
			);
			name = LaunchScreen.xib;
			sourceTree = "<group>";
		};
/* End PBXVariantGroup section */

/* Begin XCBuildConfiguration section */
		D88B41781AAD6C7100867ECC /* Debug */ = {
			isa = XCBuildConfiguration;
			buildSettings = {
				ALWAYS_SEARCH_USER_PATHS = NO;
				CLANG_CXX_LANGUAGE_STANDARD = "gnu++0x";
				CLANG_CXX_LIBRARY = "libc++";
				CLANG_ENABLE_MODULES = YES;
				CLANG_ENABLE_OBJC_ARC = YES;
				CLANG_WARN_BOOL_CONVERSION = YES;
				CLANG_WARN_CONSTANT_CONVERSION = YES;
				CLANG_WARN_DIRECT_OBJC_ISA_USAGE = YES_ERROR;
				CLANG_WARN_EMPTY_BODY = YES;
				CLANG_WARN_ENUM_CONVERSION = YES;
				CLANG_WARN_INT_CONVERSION = YES;
				CLANG_WARN_OBJC_ROOT_CLASS = YES_ERROR;
				CLANG_WARN_UNREACHABLE_CODE = YES;
				CLANG_WARN__DUPLICATE_METHOD_MATCH = YES;
				"CODE_SIGN_IDENTITY[sdk=iphoneos*]" = "iPhone Developer";
				COPY_PHASE_STRIP = NO;
				ENABLE_STRICT_OBJC_MSGSEND = YES;
				GCC_C_LANGUAGE_STANDARD = gnu99;
				GCC_DYNAMIC_NO_PIC = NO;
				GCC_OPTIMIZATION_LEVEL = 0;
				GCC_PREPROCESSOR_DEFINITIONS = (
					"DEBUG=1",
					"$(inherited)",
				);
				GCC_SYMBOLS_PRIVATE_EXTERN = NO;
				GCC_WARN_64_TO_32_BIT_CONVERSION = YES;
				GCC_WARN_ABOUT_RETURN_TYPE = YES_ERROR;
				GCC_WARN_UNDECLARED_SELECTOR = YES;
				GCC_WARN_UNINITIALIZED_AUTOS = YES_AGGRESSIVE;
				GCC_WARN_UNUSED_FUNCTION = YES;
				GCC_WARN_UNUSED_VARIABLE = YES;
				IPHONEOS_DEPLOYMENT_TARGET = 8.1;
				MTL_ENABLE_DEBUG_INFO = YES;
				ONLY_ACTIVE_ARCH = YES;
				SDKROOT = iphoneos;
			};
			name = Debug;
		};
		D88B41791AAD6C7100867ECC /* Release */ = {
			isa = XCBuildConfiguration;
			buildSettings = {
				ALWAYS_SEARCH_USER_PATHS = NO;
				CLANG_CXX_LANGUAGE_STANDARD = "gnu++0x";
				CLANG_CXX_LIBRARY = "libc++";
				CLANG_ENABLE_MODULES = YES;
				CLANG_ENABLE_OBJC_ARC = YES;
				CLANG_WARN_BOOL_CONVERSION = YES;
				CLANG_WARN_CONSTANT_CONVERSION = YES;
				CLANG_WARN_DIRECT_OBJC_ISA_USAGE = YES_ERROR;
				CLANG_WARN_EMPTY_BODY = YES;
				CLANG_WARN_ENUM_CONVERSION = YES;
				CLANG_WARN_INT_CONVERSION = YES;
				CLANG_WARN_OBJC_ROOT_CLASS = YES_ERROR;
				CLANG_WARN_UNREACHABLE_CODE = YES;
				CLANG_WARN__DUPLICATE_METHOD_MATCH = YES;
				"CODE_SIGN_IDENTITY[sdk=iphoneos*]" = "iPhone Developer";
				COPY_PHASE_STRIP = YES;
				ENABLE_NS_ASSERTIONS = NO;
				ENABLE_STRICT_OBJC_MSGSEND = YES;
				GCC_C_LANGUAGE_STANDARD = gnu99;
				GCC_WARN_64_TO_32_BIT_CONVERSION = YES;
				GCC_WARN_ABOUT_RETURN_TYPE = YES_ERROR;
				GCC_WARN_UNDECLARED_SELECTOR = YES;
				GCC_WARN_UNINITIALIZED_AUTOS = YES_AGGRESSIVE;
				GCC_WARN_UNUSED_FUNCTION = YES;
				GCC_WARN_UNUSED_VARIABLE = YES;
				IPHONEOS_DEPLOYMENT_TARGET = 8.1;
				MTL_ENABLE_DEBUG_INFO = NO;
				SDKROOT = iphoneos;
				VALIDATE_PRODUCT = YES;
			};
			name = Release;
		};
		D88B417B1AAD6C7100867ECC /* Debug */ = {
			isa = XCBuildConfiguration;
			buildSettings = {
				ASSETCATALOG_COMPILER_APPICON_NAME = AppIcon;
				INFOPLIST_FILE = Constriants/Info.plist;
				LD_RUNPATH_SEARCH_PATHS = "$(inherited) @executable_path/Frameworks";
				PRODUCT_NAME = "$(TARGET_NAME)";
			};
			name = Debug;
		};
		D88B417C1AAD6C7100867ECC /* Release */ = {
			isa = XCBuildConfiguration;
			buildSettings = {
				ASSETCATALOG_COMPILER_APPICON_NAME = AppIcon;
				INFOPLIST_FILE = Constriants/Info.plist;
				LD_RUNPATH_SEARCH_PATHS = "$(inherited) @executable_path/Frameworks";
				PRODUCT_NAME = "$(TARGET_NAME)";
			};
			name = Release;
		};
		D88B417E1AAD6C7100867ECC /* Debug */ = {
			isa = XCBuildConfiguration;
			buildSettings = {
				BUNDLE_LOADER = "$(TEST_HOST)";
				FRAMEWORK_SEARCH_PATHS = (
					"$(SDKROOT)/Developer/Library/Frameworks",
					"$(inherited)",
				);
				GCC_PREPROCESSOR_DEFINITIONS = (
					"DEBUG=1",
					"$(inherited)",
				);
				INFOPLIST_FILE = ConstriantsTests/Info.plist;
				LD_RUNPATH_SEARCH_PATHS = "$(inherited) @executable_path/Frameworks @loader_path/Frameworks";
				PRODUCT_NAME = "$(TARGET_NAME)";
				TEST_HOST = "$(BUILT_PRODUCTS_DIR)/Constriants.app/Constriants";
			};
			name = Debug;
		};
		D88B417F1AAD6C7100867ECC /* Release */ = {
			isa = XCBuildConfiguration;
			buildSettings = {
				BUNDLE_LOADER = "$(TEST_HOST)";
				FRAMEWORK_SEARCH_PATHS = (
					"$(SDKROOT)/Developer/Library/Frameworks",
					"$(inherited)",
				);
				INFOPLIST_FILE = ConstriantsTests/Info.plist;
				LD_RUNPATH_SEARCH_PATHS = "$(inherited) @executable_path/Frameworks @loader_path/Frameworks";
				PRODUCT_NAME = "$(TARGET_NAME)";
				TEST_HOST = "$(BUILT_PRODUCTS_DIR)/Constriants.app/Constriants";
			};
			name = Release;
		};
/* End XCBuildConfiguration section */

/* Begin XCConfigurationList section */
		D88B41521AAD6C7100867ECC /* Build configuration list for PBXProject "Constriants" */ = {
			isa = XCConfigurationList;
			buildConfigurations = (
				D88B41781AAD6C7100867ECC /* Debug */,
				D88B41791AAD6C7100867ECC /* Release */,
			);
			defaultConfigurationIsVisible = 0;
			defaultConfigurationName = Release;
		};
		D88B417A1AAD6C7100867ECC /* Build configuration list for PBXNativeTarget "Constriants" */ = {
			isa = XCConfigurationList;
			buildConfigurations = (
				D88B417B1AAD6C7100867ECC /* Debug */,
				D88B417C1AAD6C7100867ECC /* Release */,
			);
			defaultConfigurationIsVisible = 0;
		};
		D88B417D1AAD6C7100867ECC /* Build configuration list for PBXNativeTarget "ConstriantsTests" */ = {
			isa = XCConfigurationList;
			buildConfigurations = (
				D88B417E1AAD6C7100867ECC /* Debug */,
				D88B417F1AAD6C7100867ECC /* Release */,
			);
			defaultConfigurationIsVisible = 0;
		};
/* End XCConfigurationList section */
	};
	rootObject = D88B414F1AAD6C7100867ECC /* Project object */;
}
